
Microsoft Visual Studio Solution File, Format Version 12.00
# Visual Studio Version 17
Project("{8BC9CEB8-8B4A-11D0-8D11-00A0C91BC942}") = "ALL_BUILD", "ALL_BUILD.vcxproj", "{4F0D6622-10A3-3C29-B5D2-7D3C75657242}"
	ProjectSection(ProjectDependencies) = postProject
		{97FF88A2-33C7-3335-B367-256901D27304} = {97FF88A2-33C7-3335-B367-256901D27304}
		{71608935-A718-3C31-B4EE-8AB04F1636AF} = {71608935-A718-3C31-B4EE-8AB04F1636AF}
	EndProjectSection
EndProject
Project("{8BC9CEB8-8B4A-11D0-8D11-00A0C91BC942}") = "Spelunker", "Spelunker.vcxproj", "{97FF88A2-33C7-3335-B367-256901D27304}"
	ProjectSection(ProjectDependencies) = postProject
		{71608935-A718-3C31-B4EE-8AB04F1636AF} = {71608935-A718-3C31-B4EE-8AB04F1636AF}
	EndProjectSection
EndProject
Project("{8BC9CEB8-8B4A-11D0-8D11-00A0C91BC942}") = "ZERO_CHECK", "ZERO_CHECK.vcxproj", "{71608935-A718-3C31-B4EE-8AB04F1636AF}"
	ProjectSection(ProjectDependencies) = postProject
	EndProjectSection
EndProject
Global
	GlobalSection(SolutionConfigurationPlatforms) = preSolution
		Debug|x64 = Debug|x64
		Release|x64 = Release|x64
		MinSizeRel|x64 = MinSizeRel|x64
		RelWithDebInfo|x64 = RelWithDebInfo|x64
	EndGlobalSection
	GlobalSection(ProjectConfigurationPlatforms) = postSolution
		{4F0D6622-10A3-3C29-B5D2-7D3C75657242}.Debug|x64.ActiveCfg = Debug|x64
		{4F0D6622-10A3-3C29-B5D2-7D3C75657242}.Release|x64.ActiveCfg = Release|x64
		{4F0D6622-10A3-3C29-B5D2-7D3C75657242}.MinSizeRel|x64.ActiveCfg = MinSizeRel|x64
		{4F0D6622-10A3-3C29-B5D2-7D3C75657242}.RelWithDebInfo|x64.ActiveCfg = RelWithDebInfo|x64
		{97FF88A2-33C7-3335-B367-256901D27304}.Debug|x64.ActiveCfg = Debug|x64
		{97FF88A2-33C7-3335-B367-256901D27304}.Debug|x64.Build.0 = Debug|x64
		{97FF88A2-33C7-3335-B367-256901D27304}.Release|x64.ActiveCfg = Release|x64
		{97FF88A2-33C7-3335-B367-256901D27304}.Release|x64.Build.0 = Release|x64
		{97FF88A2-33C7-3335-B367-256901D27304}.MinSizeRel|x64.ActiveCfg = MinSizeRel|x64
		{97FF88A2-33C7-3335-B367-256901D27304}.MinSizeRel|x64.Build.0 = MinSizeRel|x64
		{97FF88A2-33C7-3335-B367-256901D27304}.RelWithDebInfo|x64.ActiveCfg = RelWithDebInfo|x64
		{97FF88A2-33C7-3335-B367-256901D27304}.RelWithDebInfo|x64.Build.0 = RelWithDebInfo|x64
		{71608935-A718-3C31-B4EE-8AB04F1636AF}.Debug|x64.ActiveCfg = Debug|x64
		{71608935-A718-3C31-B4EE-8AB04F1636AF}.Debug|x64.Build.0 = Debug|x64
		{71608935-A718-3C31-B4EE-8AB04F1636AF}.Release|x64.ActiveCfg = Release|x64
		{71608935-A718-3C31-B4EE-8AB04F1636AF}.Release|x64.Build.0 = Release|x64
		{71608935-A718-3C31-B4EE-8AB04F1636AF}.MinSizeRel|x64.ActiveCfg = MinSizeRel|x64
		{71608935-A718-3C31-B4EE-8AB04F1636AF}.MinSizeRel|x64.Build.0 = MinSizeRel|x64
		{71608935-A718-3C31-B4EE-8AB04F1636AF}.RelWithDebInfo|x64.ActiveCfg = RelWithDebInfo|x64
		{71608935-A718-3C31-B4EE-8AB04F1636AF}.RelWithDebInfo|x64.Build.0 = RelWithDebInfo|x64
	EndGlobalSection
	GlobalSection(ExtensibilityGlobals) = postSolution
		SolutionGuid = {686F237A-C6E3-3EFD-977C-7364F12A1461}
	EndGlobalSection
	GlobalSection(ExtensibilityAddIns) = postSolution
	EndGlobalSection
EndGlobal
