<?xml version="1.0" encoding="utf-8"?>
<Project ToolsVersion="17.0" xmlns="http://schemas.microsoft.com/developer/msbuild/2003">
  <ItemGroup>
    <ClCompile Include="C:\Users\TwenG\source\repos\Twenmod\Portfoliogame\src\audio.cpp">
      <Filter>Source Files</Filter>
    </ClCompile>
    <ClCompile Include="C:\Users\TwenG\source\repos\Twenmod\Portfoliogame\src\camera.cpp">
      <Filter>Source Files</Filter>
    </ClCompile>
    <ClCompile Include="C:\Users\TwenG\source\repos\Twenmod\Portfoliogame\src\enemy.cpp">
      <Filter>Source Files</Filter>
    </ClCompile>
    <ClCompile Include="C:\Users\TwenG\source\repos\Twenmod\Portfoliogame\src\gameScenes.cpp">
      <Filter>Source Files</Filter>
    </ClCompile>
    <ClCompile Include="C:\Users\TwenG\source\repos\Twenmod\Portfoliogame\src\gameobject.cpp">
      <Filter>Source Files</Filter>
    </ClCompile>
    <ClCompile Include="C:\Users\TwenG\source\repos\Twenmod\Portfoliogame\src\globals.cpp">
      <Filter>Source Files</Filter>
    </ClCompile>
    <ClCompile Include="C:\Users\TwenG\source\repos\Twenmod\Portfoliogame\src\items.cpp">
      <Filter>Source Files</Filter>
    </ClCompile>
    <ClCompile Include="C:\Users\TwenG\source\repos\Twenmod\Portfoliogame\src\main.cpp">
      <Filter>Source Files</Filter>
    </ClCompile>
    <ClCompile Include="C:\Users\TwenG\source\repos\Twenmod\Portfoliogame\src\math.cpp">
      <Filter>Source Files</Filter>
    </ClCompile>
    <ClCompile Include="C:\Users\TwenG\source\repos\Twenmod\Portfoliogame\src\player.cpp">
      <Filter>Source Files</Filter>
    </ClCompile>
    <ClCompile Include="C:\Users\TwenG\source\repos\Twenmod\Portfoliogame\src\settings.cpp">
      <Filter>Source Files</Filter>
    </ClCompile>
    <ClCompile Include="C:\Users\TwenG\source\repos\Twenmod\Portfoliogame\src\worldgen.cpp">
      <Filter>Source Files</Filter>
    </ClCompile>
  </ItemGroup>
  <ItemGroup>
    <CustomBuild Include="C:\Users\TwenG\source\repos\Twenmod\Portfoliogame\CMakeLists.txt" />
  </ItemGroup>
  <ItemGroup>
    <Filter Include="Source Files">
      <UniqueIdentifier>{9070214C-DD42-3C39-B6D9-207FBFA8E074}</UniqueIdentifier>
    </Filter>
  </ItemGroup>
</Project>
