<?xml version="1.0" encoding="utf-8"?>
<Project ToolsVersion="17.0" xmlns="http://schemas.microsoft.com/developer/msbuild/2003">
  <ItemGroup>
    <CustomBuild Include="C:\Users\TwenG\source\repos\Twenmod\Portfoliogame\CMakeFiles\e28512640e987a4617e6ef479eae839f\generate.stamp.rule">
      <Filter>CMake Rules</Filter>
    </CustomBuild>
  </ItemGroup>
  <ItemGroup>
    <Filter Include="CMake Rules">
      <UniqueIdentifier>{0DCFD471-8420-3A28-BF00-D6893722324E}</UniqueIdentifier>
    </Filter>
  </ItemGroup>
</Project>
